
Microsoft Visual Studio Solution File, Format Version 12.00
# Visual Studio Version 17
VisualStudioVersion = 17.5.33530.505
MinimumVisualStudioVersion = 10.0.40219.1
Project("{2150E333-8FDC-42A3-9474-1A3956D46DE8}") = "FrontEnd", "FrontEnd", "{AE830B25-732B-493C-82CA-A29F6F12BCCC}"
EndProject
Project("{9A19103F-16F7-4668-BE54-9A1E7A4F7556}") = "Mongo.Web", "Mongo.Web\Mongo.Web.csproj", "{FA2663B7-736F-4DB9-8DF0-426B7AEE23C2}"
EndProject
Project("{2150E333-8FDC-42A3-9474-1A3956D46DE8}") = "Services", "Services", "{2D3372A0-BF90-4A92-80D9-51F00BC21EBE}"
EndProject
Project("{9A19103F-16F7-4668-BE54-9A1E7A4F7556}") = "Mango.Services.ProductAPI", "Mango.Services.ProductAPI\Mango.Services.ProductAPI.csproj", "{E7CC8BA8-1EE6-4250-AFEE-A3C8B1BBABAA}"
EndProject
Project("{9A19103F-16F7-4668-BE54-9A1E7A4F7556}") = "Mango.Services.Identity", "Mango.Services.Identity\Mango.Services.Identity.csproj", "{AEFB4774-5268-4DCF-9714-43856CC53596}"
EndProject
Project("{9A19103F-16F7-4668-BE54-9A1E7A4F7556}") = "Mango.Services.ShoppingCartAPI", "Mango.Services.ShoppingCartAPI\Mango.Services.ShoppingCartAPI.csproj", "{B40513E7-5566-4F9D-BEC5-1E71701A0B85}"
EndProject
Project("{9A19103F-16F7-4668-BE54-9A1E7A4F7556}") = "Mango.Services.CouponAPI", "Mango.Services.CouponAPI\Mango.Services.CouponAPI.csproj", "{0A9268E1-2B36-4582-8AA1-58151E09F56E}"
EndProject
Project("{2150E333-8FDC-42A3-9474-1A3956D46DE8}") = "Integration", "Integration", "{23BE720F-C008-40CB-81D3-8353753D4660}"
EndProject
Project("{9A19103F-16F7-4668-BE54-9A1E7A4F7556}") = "Mango.MessageBus", "Mango.MessageBus\Mango.MessageBus.csproj", "{E97DF4EF-C39B-4897-A290-1DF098BF6332}"
EndProject
Project("{9A19103F-16F7-4668-BE54-9A1E7A4F7556}") = "Mango.Services.OrderAPI", "Mango.Services.OrderAPI\Mango.Services.OrderAPI.csproj", "{DC8BD650-AB7E-4A36-BEE9-3CE10BDCE7AB}"
EndProject
Project("{2150E333-8FDC-42A3-9474-1A3956D46DE8}") = "Payments", "Payments", "{E636008A-2EF5-4A6D-8FFD-2B238022F4D3}"
EndProject
Project("{9A19103F-16F7-4668-BE54-9A1E7A4F7556}") = "PaymentProcessor", "PaymentProcessor\PaymentProcessor.csproj", "{EFC2D5DA-43D9-430C-9E50-34265798D3D3}"
EndProject
Project("{9A19103F-16F7-4668-BE54-9A1E7A4F7556}") = "Mango.Services.PaymentAPI", "Mango.Services.PaymentAPI\Mango.Services.PaymentAPI.csproj", "{7882C2D2-4B05-41C2-BF00-C4BBF38B8B24}"
EndProject
Project("{9A19103F-16F7-4668-BE54-9A1E7A4F7556}") = "Mango.Services.Email", "Mango.Services.Email\Mango.Services.Email.csproj", "{E5286060-A356-4B60-9F2E-50ACE541C48A}"
EndProject
Project("{2150E333-8FDC-42A3-9474-1A3956D46DE8}") = "Gateway", "Gateway", "{532E6980-2C5F-4B38-BF0D-A29FA307D14E}"
EndProject
Project("{FAE04EC0-301F-11D3-BF4B-00C04F79EFBC}") = "Mango.GatewaySolution", "Mango.GatewaySolution\Mango.GatewaySolution.csproj", "{A1885DA0-8C14-4E97-9AE3-10250BA6AD41}"
EndProject
Global
	GlobalSection(SolutionConfigurationPlatforms) = preSolution
		Debug|Any CPU = Debug|Any CPU
		Release|Any CPU = Release|Any CPU
	EndGlobalSection
	GlobalSection(ProjectConfigurationPlatforms) = postSolution
		{FA2663B7-736F-4DB9-8DF0-426B7AEE23C2}.Debug|Any CPU.ActiveCfg = Debug|Any CPU
		{FA2663B7-736F-4DB9-8DF0-426B7AEE23C2}.Debug|Any CPU.Build.0 = Debug|Any CPU
		{FA2663B7-736F-4DB9-8DF0-426B7AEE23C2}.Release|Any CPU.ActiveCfg = Release|Any CPU
		{FA2663B7-736F-4DB9-8DF0-426B7AEE23C2}.Release|Any CPU.Build.0 = Release|Any CPU
		{E7CC8BA8-1EE6-4250-AFEE-A3C8B1BBABAA}.Debug|Any CPU.ActiveCfg = Debug|Any CPU
		{E7CC8BA8-1EE6-4250-AFEE-A3C8B1BBABAA}.Debug|Any CPU.Build.0 = Debug|Any CPU
		{E7CC8BA8-1EE6-4250-AFEE-A3C8B1BBABAA}.Release|Any CPU.ActiveCfg = Release|Any CPU
		{E7CC8BA8-1EE6-4250-AFEE-A3C8B1BBABAA}.Release|Any CPU.Build.0 = Release|Any CPU
		{AEFB4774-5268-4DCF-9714-43856CC53596}.Debug|Any CPU.ActiveCfg = Debug|Any CPU
		{AEFB4774-5268-4DCF-9714-43856CC53596}.Debug|Any CPU.Build.0 = Debug|Any CPU
		{AEFB4774-5268-4DCF-9714-43856CC53596}.Release|Any CPU.ActiveCfg = Release|Any CPU
		{AEFB4774-5268-4DCF-9714-43856CC53596}.Release|Any CPU.Build.0 = Release|Any CPU
		{B40513E7-5566-4F9D-BEC5-1E71701A0B85}.Debug|Any CPU.ActiveCfg = Debug|Any CPU
		{B40513E7-5566-4F9D-BEC5-1E71701A0B85}.Debug|Any CPU.Build.0 = Debug|Any CPU
		{B40513E7-5566-4F9D-BEC5-1E71701A0B85}.Release|Any CPU.ActiveCfg = Release|Any CPU
		{B40513E7-5566-4F9D-BEC5-1E71701A0B85}.Release|Any CPU.Build.0 = Release|Any CPU
		{0A9268E1-2B36-4582-8AA1-58151E09F56E}.Debug|Any CPU.ActiveCfg = Debug|Any CPU
		{0A9268E1-2B36-4582-8AA1-58151E09F56E}.Debug|Any CPU.Build.0 = Debug|Any CPU
		{0A9268E1-2B36-4582-8AA1-58151E09F56E}.Release|Any CPU.ActiveCfg = Release|Any CPU
		{0A9268E1-2B36-4582-8AA1-58151E09F56E}.Release|Any CPU.Build.0 = Release|Any CPU
		{E97DF4EF-C39B-4897-A290-1DF098BF6332}.Debug|Any CPU.ActiveCfg = Debug|Any CPU
		{E97DF4EF-C39B-4897-A290-1DF098BF6332}.Debug|Any CPU.Build.0 = Debug|Any CPU
		{E97DF4EF-C39B-4897-A290-1DF098BF6332}.Release|Any CPU.ActiveCfg = Release|Any CPU
		{E97DF4EF-C39B-4897-A290-1DF098BF6332}.Release|Any CPU.Build.0 = Release|Any CPU
		{DC8BD650-AB7E-4A36-BEE9-3CE10BDCE7AB}.Debug|Any CPU.ActiveCfg = Debug|Any CPU
		{DC8BD650-AB7E-4A36-BEE9-3CE10BDCE7AB}.Debug|Any CPU.Build.0 = Debug|Any CPU
		{DC8BD650-AB7E-4A36-BEE9-3CE10BDCE7AB}.Release|Any CPU.ActiveCfg = Release|Any CPU
		{DC8BD650-AB7E-4A36-BEE9-3CE10BDCE7AB}.Release|Any CPU.Build.0 = Release|Any CPU
		{EFC2D5DA-43D9-430C-9E50-34265798D3D3}.Debug|Any CPU.ActiveCfg = Debug|Any CPU
		{EFC2D5DA-43D9-430C-9E50-34265798D3D3}.Debug|Any CPU.Build.0 = Debug|Any CPU
		{EFC2D5DA-43D9-430C-9E50-34265798D3D3}.Release|Any CPU.ActiveCfg = Release|Any CPU
		{EFC2D5DA-43D9-430C-9E50-34265798D3D3}.Release|Any CPU.Build.0 = Release|Any CPU
		{7882C2D2-4B05-41C2-BF00-C4BBF38B8B24}.Debug|Any CPU.ActiveCfg = Debug|Any CPU
		{7882C2D2-4B05-41C2-BF00-C4BBF38B8B24}.Debug|Any CPU.Build.0 = Debug|Any CPU
		{7882C2D2-4B05-41C2-BF00-C4BBF38B8B24}.Release|Any CPU.ActiveCfg = Release|Any CPU
		{7882C2D2-4B05-41C2-BF00-C4BBF38B8B24}.Release|Any CPU.Build.0 = Release|Any CPU
		{E5286060-A356-4B60-9F2E-50ACE541C48A}.Debug|Any CPU.ActiveCfg = Debug|Any CPU
		{E5286060-A356-4B60-9F2E-50ACE541C48A}.Debug|Any CPU.Build.0 = Debug|Any CPU
		{E5286060-A356-4B60-9F2E-50ACE541C48A}.Release|Any CPU.ActiveCfg = Release|Any CPU
		{E5286060-A356-4B60-9F2E-50ACE541C48A}.Release|Any CPU.Build.0 = Release|Any CPU
		{A1885DA0-8C14-4E97-9AE3-10250BA6AD41}.Debug|Any CPU.ActiveCfg = Debug|Any CPU
		{A1885DA0-8C14-4E97-9AE3-10250BA6AD41}.Debug|Any CPU.Build.0 = Debug|Any CPU
		{A1885DA0-8C14-4E97-9AE3-10250BA6AD41}.Release|Any CPU.ActiveCfg = Release|Any CPU
		{A1885DA0-8C14-4E97-9AE3-10250BA6AD41}.Release|Any CPU.Build.0 = Release|Any CPU
	EndGlobalSection
	GlobalSection(SolutionProperties) = preSolution
		HideSolutionNode = FALSE
	EndGlobalSection
	GlobalSection(NestedProjects) = preSolution
		{FA2663B7-736F-4DB9-8DF0-426B7AEE23C2} = {AE830B25-732B-493C-82CA-A29F6F12BCCC}
		{E7CC8BA8-1EE6-4250-AFEE-A3C8B1BBABAA} = {2D3372A0-BF90-4A92-80D9-51F00BC21EBE}
		{AEFB4774-5268-4DCF-9714-43856CC53596} = {2D3372A0-BF90-4A92-80D9-51F00BC21EBE}
		{B40513E7-5566-4F9D-BEC5-1E71701A0B85} = {2D3372A0-BF90-4A92-80D9-51F00BC21EBE}
		{0A9268E1-2B36-4582-8AA1-58151E09F56E} = {2D3372A0-BF90-4A92-80D9-51F00BC21EBE}
		{E97DF4EF-C39B-4897-A290-1DF098BF6332} = {23BE720F-C008-40CB-81D3-8353753D4660}
		{DC8BD650-AB7E-4A36-BEE9-3CE10BDCE7AB} = {2D3372A0-BF90-4A92-80D9-51F00BC21EBE}
		{EFC2D5DA-43D9-430C-9E50-34265798D3D3} = {E636008A-2EF5-4A6D-8FFD-2B238022F4D3}
		{7882C2D2-4B05-41C2-BF00-C4BBF38B8B24} = {2D3372A0-BF90-4A92-80D9-51F00BC21EBE}
		{E5286060-A356-4B60-9F2E-50ACE541C48A} = {2D3372A0-BF90-4A92-80D9-51F00BC21EBE}
		{A1885DA0-8C14-4E97-9AE3-10250BA6AD41} = {532E6980-2C5F-4B38-BF0D-A29FA307D14E}
	EndGlobalSection
	GlobalSection(ExtensibilityGlobals) = postSolution
		SolutionGuid = {0DA9AC23-F21B-4F5A-9401-B2EF92D47D7C}
	EndGlobalSection
EndGlobal
